
Microsoft Visual Studio Solution File, Format Version 12.00
# Visual Studio Version 17
VisualStudioVersion = 17.6.33829.357
MinimumVisualStudioVersion = 10.0.40219.1
Project("{FAE04EC0-301F-11D3-BF4B-00C04F79EFBC}") = "OpenData", "OpenData\OpenData.csproj", "{D0D65730-0D54-4D5F-AA56-9157C5C938CD}"
EndProject
Global
	GlobalSection(SolutionConfigurationPlatforms) = preSolution
		Debug|Any CPU = Debug|Any CPU
		Release|Any CPU = Release|Any CPU
	EndGlobalSection
	GlobalSection(ProjectConfigurationPlatforms) = postSolution
		{D0D65730-0D54-4D5F-AA56-9157C5C938CD}.Debug|Any CPU.ActiveCfg = Debug|Any CPU
		{D0D65730-0D54-4D5F-AA56-9157C5C938CD}.Debug|Any CPU.Build.0 = Debug|Any CPU
		{D0D65730-0D54-4D5F-AA56-9157C5C938CD}.Release|Any CPU.ActiveCfg = Release|Any CPU
		{D0D65730-0D54-4D5F-AA56-9157C5C938CD}.Release|Any CPU.Build.0 = Release|Any CPU
	EndGlobalSection
	GlobalSection(SolutionProperties) = preSolution
		HideSolutionNode = FALSE
	EndGlobalSection
	GlobalSection(ExtensibilityGlobals) = postSolution
		SolutionGuid = {9BF6D773-64F3-4D91-AB22-DC21B0FF6E94}
	EndGlobalSection
EndGlobal
